
Microsoft Visual Studio Solution File, Format Version 12.00
# Visual Studio Version 17
VisualStudioVersion = 17.9.34728.123
MinimumVisualStudioVersion = 10.0.40219.1
Project("{9A19103F-16F7-4668-BE54-9A1E7A4F7556}") = "CatalystEngine", "CatalystEngine\CatalystEngine.csproj", "{1BE27005-F994-4CE0-B8E1-F5C836C4B6E2}"
EndProject
Project("{9A19103F-16F7-4668-BE54-9A1E7A4F7556}") = "CatalystEngine2D", "CatalystEngine2D\CatalystEngine2D.csproj", "{E2BF8257-AE3B-41DF-9AA8-2E7A673D2672}"
EndProject
Project("{FAE04EC0-301F-11D3-BF4B-00C04F79EFBC}") = "TestingGame1", "TestingGame1\TestingGame1.csproj", "{6584A344-0BF3-4CC9-B2BB-7C56DC3E4E3D}"
EndProject
Global
	GlobalSection(SolutionConfigurationPlatforms) = preSolution
		Debug|Any CPU = Debug|Any CPU
		Release|Any CPU = Release|Any CPU
	EndGlobalSection
	GlobalSection(ProjectConfigurationPlatforms) = postSolution
		{1BE27005-F994-4CE0-B8E1-F5C836C4B6E2}.Debug|Any CPU.ActiveCfg = Debug|Any CPU
		{1BE27005-F994-4CE0-B8E1-F5C836C4B6E2}.Debug|Any CPU.Build.0 = Debug|Any CPU
		{1BE27005-F994-4CE0-B8E1-F5C836C4B6E2}.Release|Any CPU.ActiveCfg = Release|Any CPU
		{1BE27005-F994-4CE0-B8E1-F5C836C4B6E2}.Release|Any CPU.Build.0 = Release|Any CPU
		{E2BF8257-AE3B-41DF-9AA8-2E7A673D2672}.Debug|Any CPU.ActiveCfg = Debug|Any CPU
		{E2BF8257-AE3B-41DF-9AA8-2E7A673D2672}.Debug|Any CPU.Build.0 = Debug|Any CPU
		{E2BF8257-AE3B-41DF-9AA8-2E7A673D2672}.Release|Any CPU.ActiveCfg = Release|Any CPU
		{E2BF8257-AE3B-41DF-9AA8-2E7A673D2672}.Release|Any CPU.Build.0 = Release|Any CPU
		{6584A344-0BF3-4CC9-B2BB-7C56DC3E4E3D}.Debug|Any CPU.ActiveCfg = Debug|Any CPU
		{6584A344-0BF3-4CC9-B2BB-7C56DC3E4E3D}.Debug|Any CPU.Build.0 = Debug|Any CPU
		{6584A344-0BF3-4CC9-B2BB-7C56DC3E4E3D}.Release|Any CPU.ActiveCfg = Release|Any CPU
		{6584A344-0BF3-4CC9-B2BB-7C56DC3E4E3D}.Release|Any CPU.Build.0 = Release|Any CPU
	EndGlobalSection
	GlobalSection(SolutionProperties) = preSolution
		HideSolutionNode = FALSE
	EndGlobalSection
	GlobalSection(ExtensibilityGlobals) = postSolution
		SolutionGuid = {83184E8A-17E0-47A7-9721-E69862F8E3B2}
	EndGlobalSection
EndGlobal
